
Microsoft Visual Studio Solution File, Format Version 12.00
# Visual Studio 2012
Project("{F14B399A-7131-4C87-9E4B-1186C45EF12D}") = "Tabular_Report_Project", "Tabular_Report_Project\Tabular_Report_Project.rptproj", "{7FA2AA09-E3A7-495A-9401-E2E04B11B449}"
EndProject
Global
	GlobalSection(SolutionConfigurationPlatforms) = preSolution
		Debug|Default = Debug|Default
		DebugLocal|Default = DebugLocal|Default
		Release|Default = Release|Default
	EndGlobalSection
	GlobalSection(ProjectConfigurationPlatforms) = postSolution
		{7FA2AA09-E3A7-495A-9401-E2E04B11B449}.Debug|Default.ActiveCfg = Debug
		{7FA2AA09-E3A7-495A-9401-E2E04B11B449}.Debug|Default.Build.0 = Debug
		{7FA2AA09-E3A7-495A-9401-E2E04B11B449}.Debug|Default.Deploy.0 = Debug
		{7FA2AA09-E3A7-495A-9401-E2E04B11B449}.DebugLocal|Default.ActiveCfg = DebugLocal
		{7FA2AA09-E3A7-495A-9401-E2E04B11B449}.DebugLocal|Default.Build.0 = DebugLocal
		{7FA2AA09-E3A7-495A-9401-E2E04B11B449}.Release|Default.ActiveCfg = Release
		{7FA2AA09-E3A7-495A-9401-E2E04B11B449}.Release|Default.Build.0 = Release
		{7FA2AA09-E3A7-495A-9401-E2E04B11B449}.Release|Default.Deploy.0 = Release
	EndGlobalSection
	GlobalSection(SolutionProperties) = preSolution
		HideSolutionNode = FALSE
	EndGlobalSection
EndGlobal
